
Microsoft Visual Studio Solution File, Format Version 12.00
# Visual Studio 15
VisualStudioVersion = 15.0.28010.2036
MinimumVisualStudioVersion = 10.0.40219.1
Project("{8BC9CEB8-8B4A-11D0-8D11-00A0C91BC942}") = "Project1", "Project1\Project1.vcxproj", "{42381200-9144-4ED6-95CD-B8D5253633BA}"
EndProject
Project("{8BC9CEB8-8B4A-11D0-8D11-00A0C91BC942}") = "preToPostFix", "preToPostFix\preToPostFix.vcxproj", "{A1839DA5-F023-4CD3-8E6F-08E342901F8C}"
EndProject
Project("{8BC9CEB8-8B4A-11D0-8D11-00A0C91BC942}") = "TowersOfHanoi", "TowersOfHanoi\TowersOfHanoi.vcxproj", "{756EFE62-A724-456A-915B-873E877AB859}"
EndProject
Project("{8BC9CEB8-8B4A-11D0-8D11-00A0C91BC942}") = "SimpleStackApplication", "SimpleStackApplication\SimpleStackApplication.vcxproj", "{02443E48-C6D8-466B-AC18-CDE74E8B93A6}"
EndProject
Project("{8BC9CEB8-8B4A-11D0-8D11-00A0C91BC942}") = "ReverseSeries", "ReverseSeries\ReverseSeries.vcxproj", "{89BFC22F-3A8E-495B-8D70-8F309FF87427}"
EndProject
Project("{8BC9CEB8-8B4A-11D0-8D11-00A0C91BC942}") = "ConvertDecimaltoBinary", "ConvertDecimaltoBinary\ConvertDecimaltoBinary.vcxproj", "{2A4895E6-FBFE-441A-9D5B-A64451AE3162}"
EndProject
Project("{8BC9CEB8-8B4A-11D0-8D11-00A0C91BC942}") = "VerifyParenthesesPaired", "VerifyParenthesesPaired\VerifyParenthesesPaired.vcxproj", "{64F0208D-77E8-474A-AB34-0BB5DE52EEE1}"
EndProject
Project("{8BC9CEB8-8B4A-11D0-8D11-00A0C91BC942}") = "ConvertInfixToPostfix", "ConvertInfixToPostfix\ConvertInfixToPostfix.vcxproj", "{04867AC9-01F2-46AA-9A20-B8A8A863DF73}"
EndProject
Global
	GlobalSection(SolutionConfigurationPlatforms) = preSolution
		Debug|x64 = Debug|x64
		Debug|x86 = Debug|x86
		Release|x64 = Release|x64
		Release|x86 = Release|x86
	EndGlobalSection
	GlobalSection(ProjectConfigurationPlatforms) = postSolution
		{42381200-9144-4ED6-95CD-B8D5253633BA}.Debug|x64.ActiveCfg = Debug|x64
		{42381200-9144-4ED6-95CD-B8D5253633BA}.Debug|x64.Build.0 = Debug|x64
		{42381200-9144-4ED6-95CD-B8D5253633BA}.Debug|x86.ActiveCfg = Debug|Win32
		{42381200-9144-4ED6-95CD-B8D5253633BA}.Debug|x86.Build.0 = Debug|Win32
		{42381200-9144-4ED6-95CD-B8D5253633BA}.Release|x64.ActiveCfg = Release|x64
		{42381200-9144-4ED6-95CD-B8D5253633BA}.Release|x64.Build.0 = Release|x64
		{42381200-9144-4ED6-95CD-B8D5253633BA}.Release|x86.ActiveCfg = Release|Win32
		{42381200-9144-4ED6-95CD-B8D5253633BA}.Release|x86.Build.0 = Release|Win32
		{A1839DA5-F023-4CD3-8E6F-08E342901F8C}.Debug|x64.ActiveCfg = Debug|x64
		{A1839DA5-F023-4CD3-8E6F-08E342901F8C}.Debug|x64.Build.0 = Debug|x64
		{A1839DA5-F023-4CD3-8E6F-08E342901F8C}.Debug|x86.ActiveCfg = Debug|Win32
		{A1839DA5-F023-4CD3-8E6F-08E342901F8C}.Debug|x86.Build.0 = Debug|Win32
		{A1839DA5-F023-4CD3-8E6F-08E342901F8C}.Release|x64.ActiveCfg = Release|x64
		{A1839DA5-F023-4CD3-8E6F-08E342901F8C}.Release|x64.Build.0 = Release|x64
		{A1839DA5-F023-4CD3-8E6F-08E342901F8C}.Release|x86.ActiveCfg = Release|Win32
		{A1839DA5-F023-4CD3-8E6F-08E342901F8C}.Release|x86.Build.0 = Release|Win32
		{756EFE62-A724-456A-915B-873E877AB859}.Debug|x64.ActiveCfg = Debug|x64
		{756EFE62-A724-456A-915B-873E877AB859}.Debug|x64.Build.0 = Debug|x64
		{756EFE62-A724-456A-915B-873E877AB859}.Debug|x86.ActiveCfg = Debug|Win32
		{756EFE62-A724-456A-915B-873E877AB859}.Debug|x86.Build.0 = Debug|Win32
		{756EFE62-A724-456A-915B-873E877AB859}.Release|x64.ActiveCfg = Release|x64
		{756EFE62-A724-456A-915B-873E877AB859}.Release|x64.Build.0 = Release|x64
		{756EFE62-A724-456A-915B-873E877AB859}.Release|x86.ActiveCfg = Release|Win32
		{756EFE62-A724-456A-915B-873E877AB859}.Release|x86.Build.0 = Release|Win32
		{02443E48-C6D8-466B-AC18-CDE74E8B93A6}.Debug|x64.ActiveCfg = Debug|x64
		{02443E48-C6D8-466B-AC18-CDE74E8B93A6}.Debug|x64.Build.0 = Debug|x64
		{02443E48-C6D8-466B-AC18-CDE74E8B93A6}.Debug|x86.ActiveCfg = Debug|Win32
		{02443E48-C6D8-466B-AC18-CDE74E8B93A6}.Debug|x86.Build.0 = Debug|Win32
		{02443E48-C6D8-466B-AC18-CDE74E8B93A6}.Release|x64.ActiveCfg = Release|x64
		{02443E48-C6D8-466B-AC18-CDE74E8B93A6}.Release|x64.Build.0 = Release|x64
		{02443E48-C6D8-466B-AC18-CDE74E8B93A6}.Release|x86.ActiveCfg = Release|Win32
		{02443E48-C6D8-466B-AC18-CDE74E8B93A6}.Release|x86.Build.0 = Release|Win32
		{89BFC22F-3A8E-495B-8D70-8F309FF87427}.Debug|x64.ActiveCfg = Debug|x64
		{89BFC22F-3A8E-495B-8D70-8F309FF87427}.Debug|x64.Build.0 = Debug|x64
		{89BFC22F-3A8E-495B-8D70-8F309FF87427}.Debug|x86.ActiveCfg = Debug|Win32
		{89BFC22F-3A8E-495B-8D70-8F309FF87427}.Debug|x86.Build.0 = Debug|Win32
		{89BFC22F-3A8E-495B-8D70-8F309FF87427}.Release|x64.ActiveCfg = Release|x64
		{89BFC22F-3A8E-495B-8D70-8F309FF87427}.Release|x64.Build.0 = Release|x64
		{89BFC22F-3A8E-495B-8D70-8F309FF87427}.Release|x86.ActiveCfg = Release|Win32
		{89BFC22F-3A8E-495B-8D70-8F309FF87427}.Release|x86.Build.0 = Release|Win32
		{2A4895E6-FBFE-441A-9D5B-A64451AE3162}.Debug|x64.ActiveCfg = Debug|x64
		{2A4895E6-FBFE-441A-9D5B-A64451AE3162}.Debug|x64.Build.0 = Debug|x64
		{2A4895E6-FBFE-441A-9D5B-A64451AE3162}.Debug|x86.ActiveCfg = Debug|Win32
		{2A4895E6-FBFE-441A-9D5B-A64451AE3162}.Debug|x86.Build.0 = Debug|Win32
		{2A4895E6-FBFE-441A-9D5B-A64451AE3162}.Release|x64.ActiveCfg = Release|x64
		{2A4895E6-FBFE-441A-9D5B-A64451AE3162}.Release|x64.Build.0 = Release|x64
		{2A4895E6-FBFE-441A-9D5B-A64451AE3162}.Release|x86.ActiveCfg = Release|Win32
		{2A4895E6-FBFE-441A-9D5B-A64451AE3162}.Release|x86.Build.0 = Release|Win32
		{64F0208D-77E8-474A-AB34-0BB5DE52EEE1}.Debug|x64.ActiveCfg = Debug|x64
		{64F0208D-77E8-474A-AB34-0BB5DE52EEE1}.Debug|x64.Build.0 = Debug|x64
		{64F0208D-77E8-474A-AB34-0BB5DE52EEE1}.Debug|x86.ActiveCfg = Debug|Win32
		{64F0208D-77E8-474A-AB34-0BB5DE52EEE1}.Debug|x86.Build.0 = Debug|Win32
		{64F0208D-77E8-474A-AB34-0BB5DE52EEE1}.Release|x64.ActiveCfg = Release|x64
		{64F0208D-77E8-474A-AB34-0BB5DE52EEE1}.Release|x64.Build.0 = Release|x64
		{64F0208D-77E8-474A-AB34-0BB5DE52EEE1}.Release|x86.ActiveCfg = Release|Win32
		{64F0208D-77E8-474A-AB34-0BB5DE52EEE1}.Release|x86.Build.0 = Release|Win32
		{04867AC9-01F2-46AA-9A20-B8A8A863DF73}.Debug|x64.ActiveCfg = Debug|x64
		{04867AC9-01F2-46AA-9A20-B8A8A863DF73}.Debug|x64.Build.0 = Debug|x64
		{04867AC9-01F2-46AA-9A20-B8A8A863DF73}.Debug|x86.ActiveCfg = Debug|Win32
		{04867AC9-01F2-46AA-9A20-B8A8A863DF73}.Debug|x86.Build.0 = Debug|Win32
		{04867AC9-01F2-46AA-9A20-B8A8A863DF73}.Release|x64.ActiveCfg = Release|x64
		{04867AC9-01F2-46AA-9A20-B8A8A863DF73}.Release|x64.Build.0 = Release|x64
		{04867AC9-01F2-46AA-9A20-B8A8A863DF73}.Release|x86.ActiveCfg = Release|Win32
		{04867AC9-01F2-46AA-9A20-B8A8A863DF73}.Release|x86.Build.0 = Release|Win32
	EndGlobalSection
	GlobalSection(SolutionProperties) = preSolution
		HideSolutionNode = FALSE
	EndGlobalSection
	GlobalSection(ExtensibilityGlobals) = postSolution
		SolutionGuid = {8145E83B-0EF3-41BE-B5C8-5DCB48ABE4D8}
	EndGlobalSection
EndGlobal
